
Microsoft Visual Studio Solution File, Format Version 12.00
# Visual Studio Version 17
VisualStudioVersion = 17.2.32630.192
MinimumVisualStudioVersion = 10.0.40219.1
Project("{9A19103F-16F7-4668-BE54-9A1E7A4F7556}") = "RandevuApp", "RandevuApp\RandevuApp.csproj", "{C970A977-CE25-4024-B4E2-C5616AEF10ED}"
EndProject
Project("{9A19103F-16F7-4668-BE54-9A1E7A4F7556}") = "Entities", "Entities\Entities.csproj", "{E680C5B7-7168-4588-AE59-FDB000EA5820}"
EndProject
Project("{9A19103F-16F7-4668-BE54-9A1E7A4F7556}") = "DataAccess", "DataAccess\DataAccess.csproj", "{7BA090BC-49F3-4B8E-B3EA-58A26999F590}"
EndProject
Project("{9A19103F-16F7-4668-BE54-9A1E7A4F7556}") = "Business", "Business\Business.csproj", "{1B46FB96-1478-4A22-A817-0E367D378D71}"
EndProject
Project("{FAE04EC0-301F-11D3-BF4B-00C04F79EFBC}") = "Core", "Core\Core.csproj", "{6C71AAA6-8E63-449A-83FA-20245B86709E}"
EndProject
Global
	GlobalSection(SolutionConfigurationPlatforms) = preSolution
		Debug|Any CPU = Debug|Any CPU
		Release|Any CPU = Release|Any CPU
	EndGlobalSection
	GlobalSection(ProjectConfigurationPlatforms) = postSolution
		{C970A977-CE25-4024-B4E2-C5616AEF10ED}.Debug|Any CPU.ActiveCfg = Debug|Any CPU
		{C970A977-CE25-4024-B4E2-C5616AEF10ED}.Debug|Any CPU.Build.0 = Debug|Any CPU
		{C970A977-CE25-4024-B4E2-C5616AEF10ED}.Release|Any CPU.ActiveCfg = Release|Any CPU
		{C970A977-CE25-4024-B4E2-C5616AEF10ED}.Release|Any CPU.Build.0 = Release|Any CPU
		{E680C5B7-7168-4588-AE59-FDB000EA5820}.Debug|Any CPU.ActiveCfg = Debug|Any CPU
		{E680C5B7-7168-4588-AE59-FDB000EA5820}.Debug|Any CPU.Build.0 = Debug|Any CPU
		{E680C5B7-7168-4588-AE59-FDB000EA5820}.Release|Any CPU.ActiveCfg = Release|Any CPU
		{E680C5B7-7168-4588-AE59-FDB000EA5820}.Release|Any CPU.Build.0 = Release|Any CPU
		{7BA090BC-49F3-4B8E-B3EA-58A26999F590}.Debug|Any CPU.ActiveCfg = Debug|Any CPU
		{7BA090BC-49F3-4B8E-B3EA-58A26999F590}.Debug|Any CPU.Build.0 = Debug|Any CPU
		{7BA090BC-49F3-4B8E-B3EA-58A26999F590}.Release|Any CPU.ActiveCfg = Release|Any CPU
		{7BA090BC-49F3-4B8E-B3EA-58A26999F590}.Release|Any CPU.Build.0 = Release|Any CPU
		{1B46FB96-1478-4A22-A817-0E367D378D71}.Debug|Any CPU.ActiveCfg = Debug|Any CPU
		{1B46FB96-1478-4A22-A817-0E367D378D71}.Debug|Any CPU.Build.0 = Debug|Any CPU
		{1B46FB96-1478-4A22-A817-0E367D378D71}.Release|Any CPU.ActiveCfg = Release|Any CPU
		{1B46FB96-1478-4A22-A817-0E367D378D71}.Release|Any CPU.Build.0 = Release|Any CPU
		{6C71AAA6-8E63-449A-83FA-20245B86709E}.Debug|Any CPU.ActiveCfg = Debug|Any CPU
		{6C71AAA6-8E63-449A-83FA-20245B86709E}.Debug|Any CPU.Build.0 = Debug|Any CPU
		{6C71AAA6-8E63-449A-83FA-20245B86709E}.Release|Any CPU.ActiveCfg = Release|Any CPU
		{6C71AAA6-8E63-449A-83FA-20245B86709E}.Release|Any CPU.Build.0 = Release|Any CPU
	EndGlobalSection
	GlobalSection(SolutionProperties) = preSolution
		HideSolutionNode = FALSE
	EndGlobalSection
	GlobalSection(ExtensibilityGlobals) = postSolution
		SolutionGuid = {7AABBA72-18EC-481E-8C9A-332A9FDC7DFE}
	EndGlobalSection
EndGlobal
